{
  "name": "simpleserver",
  "version": "1.0.0",
  "lockfileVersion": 1,
  "requires": true,
  "dependencies": {
    "@tars/dyeing": {
      "version": "2.0.0",
      "resolved": "http://r.tnpm.oa.com/@tars/dyeing/download/@tars/dyeing-2.0.0.tgz",
      "integrity": "sha1-SFJKu9i7h4+T8k1GBcU6ze/WJok="
    },
    "@tars/monitor": {
      "version": "2.1.1",
      "resolved": "http://r.tnpm.oa.com/@tars/monitor/download/@tars/monitor-2.1.1.tgz",
      "integrity": "sha1-eJdzSZhV4W7026ORSzs8S9WtEwM=",
      "requires": {
        "@tars/rpc": "^2.0.0",
        "@tars/stream": "^2.0.1",
        "@tars/utils": "^2.0.0"
      },
      "dependencies": {
        "@tars/stream": {
          "version": "2.0.1",
          "resolved": "http://r.tnpm.oa.com/@tars/stream/download/@tars/stream-2.0.1.tgz",
          "integrity": "sha1-yBe9V5+xOh4IzxJzL1o4TpbJHK4=",
          "requires": {
            "big.js": "^3.1.3"
          }
        },
        "@tars/utils": {
          "version": "2.0.0",
          "resolved": "http://r.tnpm.oa.com/@tars/utils/download/@tars/utils-2.0.0.tgz",
          "integrity": "sha1-uHqhjQ5fk0qXKGia58pzGrAwTKg=",
          "requires": {
            "bluebird": "^3.4.6"
          }
        }
      }
    },
    "@tars/registry": {
      "version": "2.0.3",
      "resolved": "http://r.tnpm.oa.com/@tars/registry/download/@tars/registry-2.0.3.tgz",
      "integrity": "sha1-1ugIi0ygw6zKvA0QS8LcXN41t+4=",
      "requires": {
        "@tars/rpc": "^2.0.9",
        "@tars/stream": "^2.0.1"
      },
      "dependencies": {
        "@tars/stream": {
          "version": "2.0.1",
          "resolved": "http://r.tnpm.oa.com/@tars/stream/download/@tars/stream-2.0.1.tgz",
          "integrity": "sha1-yBe9V5+xOh4IzxJzL1o4TpbJHK4=",
          "requires": {
            "big.js": "^3.1.3"
          }
        }
      }
    },
    "@tars/rpc": {
      "version": "2.0.9",
      "resolved": "http://r.tnpm.oa.com/@tars/rpc/download/@tars/rpc-2.0.9.tgz",
      "integrity": "sha1-oW8JAA+/KEQV4KnOITUZUSkUs1o=",
      "requires": {
        "@tars/dyeing": "^2.0.0",
        "@tars/monitor": "^2.0.0",
        "@tars/registry": "^2.0.0",
        "@tars/stream": "^2.0.1",
        "@tars/utils": "^2.0.0",
        "hashring": "^3.2.0"
      }
    },
    "@tars/stream": {
      "version": "2.0.1",
      "resolved": "http://r.tnpm.oa.com/@tars/stream/download/@tars/stream-2.0.1.tgz",
      "integrity": "sha1-yBe9V5+xOh4IzxJzL1o4TpbJHK4=",
      "requires": {
        "big.js": "^3.1.3"
      }
    },
    "@tars/utils": {
      "version": "2.0.0",
      "resolved": "http://r.tnpm.oa.com/@tars/utils/download/@tars/utils-2.0.0.tgz",
      "integrity": "sha1-uHqhjQ5fk0qXKGia58pzGrAwTKg=",
      "requires": {
        "bluebird": "^3.4.6"
      }
    },
    "big.js": {
      "version": "3.2.0",
      "resolved": "http://r.tnpm.oa.com/big.js/download/big.js-3.2.0.tgz",
      "integrity": "sha1-pfwpi4G54Nyi5FiCR4S2XFK6WI4="
    },
    "bluebird": {
      "version": "3.5.5",
      "resolved": "http://r.tnpm.oa.com/bluebird/download/bluebird-3.5.5.tgz",
      "integrity": "sha1-qNCv1zJR7/u9X+OEp31zADwXpx8="
    },
    "connection-parse": {
      "version": "0.0.7",
      "resolved": "http://r.tnpm.oa.com/connection-parse/download/connection-parse-0.0.7.tgz",
      "integrity": "sha1-GOcxiqsGppkmc3KxDFIm0locmmk="
    },
    "debug": {
      "version": "4.1.1",
      "resolved": "http://r.tnpm.oa.com/debug/download/debug-4.1.1.tgz",
      "integrity": "sha1-O3ImAlUQnGtYnO4FDx1RYTlmR5E=",
      "requires": {
        "ms": "^2.1.1"
      }
    },
    "hashring": {
      "version": "3.2.0",
      "resolved": "http://r.tnpm.oa.com/hashring/download/hashring-3.2.0.tgz",
      "integrity": "sha1-/aTv3oqiLNuX+x0qZeiEAeHBRM4=",
      "requires": {
        "connection-parse": "0.0.x",
        "simple-lru-cache": "0.0.x"
      }
    },
    "ms": {
      "version": "2.1.2",
      "resolved": "http://r.tnpm.oa.com/ms/download/ms-2.1.2.tgz",
      "integrity": "sha1-0J0fNXtEP0kzgqjrPM0YOHKuYAk="
    },
    "simple-lru-cache": {
      "version": "0.0.2",
      "resolved": "http://r.tnpm.oa.com/simple-lru-cache/download/simple-lru-cache-0.0.2.tgz",
      "integrity": "sha1-1ZzDoZPBpdAyD4Tucy9uRxPlEd0="
    }
  }
}
